// !$*UTF8*$!
{
	archiveVersion = 1;
	classes = {
	};
	objectVersion = 56;
	objects = {

/* Begin PBXBuildFile section */
		E93634AE2C60BF7C008ABEDD /* Main.storyboard in Resources */ = {isa = PBXBuildFile; fileRef = E9ED743C2C59690D00A1E7A8 /* Main.storyboard */; };
		E944913A2C5C1EEF0067CD4A /* LaunchScreen.storyboard in Resources */ = {isa = PBXBuildFile; fileRef = E9ED74442C59690E00A1E7A8 /* LaunchScreen.storyboard */; };
		E9ED74372C59690D00A1E7A8 /* AppDelegate.swift in Sources */ = {isa = PBXBuildFile; fileRef = E9ED74362C59690D00A1E7A8 /* AppDelegate.swift */; };
		E9ED74392C59690D00A1E7A8 /* SceneDelegate.swift in Sources */ = {isa = PBXBuildFile; fileRef = E9ED74382C59690D00A1E7A8 /* SceneDelegate.swift */; };
		E9ED743B2C59690D00A1E7A8 /* HomeVC.swift in Sources */ = {isa = PBXBuildFile; fileRef = E9ED743A2C59690D00A1E7A8 /* HomeVC.swift */; };
		E9ED74412C59690D00A1E7A8 /* Card_Scanner.xcdatamodeld in Sources */ = {isa = PBXBuildFile; fileRef = E9ED743F2C59690D00A1E7A8 /* Card_Scanner.xcdatamodeld */; };
		E9ED74432C59690E00A1E7A8 /* Assets.xcassets in Resources */ = {isa = PBXBuildFile; fileRef = E9ED74422C59690E00A1E7A8 /* Assets.xcassets */; };
		E9ED74462C59690E00A1E7A8 /* Base in Resources */ = {isa = PBXBuildFile; fileRef = E9ED74452C59690E00A1E7A8 /* Base */; };
/* End PBXBuildFile section */

/* Begin PBXFileReference section */
		E9ED74332C59690D00A1E7A8 /* Card Scanner.app */ = {isa = PBXFileReference; explicitFileType = wrapper.application; includeInIndex = 0; path = "Card Scanner.app"; sourceTree = BUILT_PRODUCTS_DIR; };
		E9ED74362C59690D00A1E7A8 /* AppDelegate.swift */ = {isa = PBXFileReference; lastKnownFileType = sourcecode.swift; path = AppDelegate.swift; sourceTree = "<group>"; };
		E9ED74382C59690D00A1E7A8 /* SceneDelegate.swift */ = {isa = PBXFileReference; lastKnownFileType = sourcecode.swift; path = SceneDelegate.swift; sourceTree = "<group>"; };
		E9ED743A2C59690D00A1E7A8 /* HomeVC.swift */ = {isa = PBXFileReference; lastKnownFileType = sourcecode.swift; path = HomeVC.swift; sourceTree = "<group>"; };
		E9ED743D2C59690D00A1E7A8 /* Base */ = {isa = PBXFileReference; lastKnownFileType = file.storyboard; name = Base; path = Base.lproj/Main.storyboard; sourceTree = "<group>"; };
		E9ED74402C59690D00A1E7A8 /* Card_Scanner.xcdatamodel */ = {isa = PBXFileReference; lastKnownFileType = wrapper.xcdatamodel; path = Card_Scanner.xcdatamodel; sourceTree = "<group>"; };
		E9ED74422C59690E00A1E7A8 /* Assets.xcassets */ = {isa = PBXFileReference; lastKnownFileType = folder.assetcatalog; path = Assets.xcassets; sourceTree = "<group>"; };
		E9ED74452C59690E00A1E7A8 /* Base */ = {isa = PBXFileReference; lastKnownFileType = file.storyboard; name = Base; path = Base.lproj/LaunchScreen.storyboard; sourceTree = "<group>"; };
		E9ED74472C59690E00A1E7A8 /* Info.plist */ = {isa = PBXFileReference; lastKnownFileType = text.plist.xml; path = Info.plist; sourceTree = "<group>"; };
/* End PBXFileReference section */

/* Begin PBXFrameworksBuildPhase section */
		E9ED74302C59690D00A1E7A8 /* Frameworks */ = {
			isa = PBXFrameworksBuildPhase;
			buildActionMask = 2147483647;
			files = (
			);
			runOnlyForDeploymentPostprocessing = 0;
		};
/* End PBXFrameworksBuildPhase section */

/* Begin PBXGroup section */
		E9ED742A2C59690D00A1E7A8 = {
			isa = PBXGroup;
			children = (
				E9ED74352C59690D00A1E7A8 /* Card Scanner */,
				E9ED74342C59690D00A1E7A8 /* Products */,
			);
			sourceTree = "<group>";
		};
		E9ED74342C59690D00A1E7A8 /* Products */ = {
			isa = PBXGroup;
			children = (
				E9ED74332C59690D00A1E7A8 /* Card Scanner.app */,
			);
			name = Products;
			sourceTree = "<group>";
		};
		E9ED74352C59690D00A1E7A8 /* Card Scanner */ = {
			isa = PBXGroup;
			children = (
				E9ED74362C59690D00A1E7A8 /* AppDelegate.swift */,
				E9ED74382C59690D00A1E7A8 /* SceneDelegate.swift */,
				E9ED743A2C59690D00A1E7A8 /* HomeVC.swift */,
				E9ED743C2C59690D00A1E7A8 /* Main.storyboard */,
				E9ED74422C59690E00A1E7A8 /* Assets.xcassets */,
				E9ED74442C59690E00A1E7A8 /* LaunchScreen.storyboard */,
				E9ED74472C59690E00A1E7A8 /* Info.plist */,
				E9ED743F2C59690D00A1E7A8 /* Card_Scanner.xcdatamodeld */,
			);
			path = "Card Scanner";
			sourceTree = "<group>";
		};
/* End PBXGroup section */

/* Begin PBXNativeTarget section */
		E9ED74322C59690D00A1E7A8 /* Card Scanner */ = {
			isa = PBXNativeTarget;
			buildConfigurationList = E9ED744A2C59690E00A1E7A8 /* Build configuration list for PBXNativeTarget "Card Scanner" */;
			buildPhases = (
				E9ED742F2C59690D00A1E7A8 /* Sources */,
				E9ED74302C59690D00A1E7A8 /* Frameworks */,
				E9ED74312C59690D00A1E7A8 /* Resources */,
			);
			buildRules = (
			);
			dependencies = (
			);
			name = "Card Scanner";
			productName = "Card Scanner";
			productReference = E9ED74332C59690D00A1E7A8 /* Card Scanner.app */;
			productType = "com.apple.product-type.application";
		};
/* End PBXNativeTarget section */

/* Begin PBXProject section */
		E9ED742B2C59690D00A1E7A8 /* Project object */ = {
			isa = PBXProject;
			attributes = {
				BuildIndependentTargetsInParallel = 1;
				LastSwiftUpdateCheck = 1540;
				LastUpgradeCheck = 1540;
				TargetAttributes = {
					E9ED74322C59690D00A1E7A8 = {
						CreatedOnToolsVersion = 15.4;
					};
				};
			};
			buildConfigurationList = E9ED742E2C59690D00A1E7A8 /* Build configuration list for PBXProject "Card Scanner" */;
			compatibilityVersion = "Xcode 14.0";
			developmentRegion = en;
			hasScannedForEncodings = 0;
			knownRegions = (
				en,
				Base,
			);
			mainGroup = E9ED742A2C59690D00A1E7A8;
			productRefGroup = E9ED74342C59690D00A1E7A8 /* Products */;
			projectDirPath = "";
			projectRoot = "";
			targets = (
				E9ED74322C59690D00A1E7A8 /* Card Scanner */,
			);
		};
/* End PBXProject section */

/* Begin PBXResourcesBuildPhase section */
		E9ED74312C59690D00A1E7A8 /* Resources */ = {
			isa = PBXResourcesBuildPhase;
			buildActionMask = 2147483647;
			files = (
				E9ED74432C59690E00A1E7A8 /* Assets.xcassets in Resources */,
				E944913A2C5C1EEF0067CD4A /* LaunchScreen.storyboard in Resources */,
				E9ED74462C59690E00A1E7A8 /* Base in Resources */,
				E93634AE2C60BF7C008ABEDD /* Main.storyboard in Resources */,
			);
			runOnlyForDeploymentPostprocessing = 0;
		};
/* End PBXResourcesBuildPhase section */

/* Begin PBXSourcesBuildPhase section */
		E9ED742F2C59690D00A1E7A8 /* Sources */ = {
			isa = PBXSourcesBuildPhase;
			buildActionMask = 2147483647;
			files = (
				E9ED74412C59690D00A1E7A8 /* Card_Scanner.xcdatamodeld in Sources */,
				E9ED743B2C59690D00A1E7A8 /* HomeVC.swift in Sources */,
				E9ED74372C59690D00A1E7A8 /* AppDelegate.swift in Sources */,
				E9ED74392C59690D00A1E7A8 /* SceneDelegate.swift in Sources */,
			);
			runOnlyForDeploymentPostprocessing = 0;
		};
/* End PBXSourcesBuildPhase section */

/* Begin PBXVariantGroup section */
		E9ED743C2C59690D00A1E7A8 /* Main.storyboard */ = {
			isa = PBXVariantGroup;
			children = (
				E9ED743D2C59690D00A1E7A8 /* Base */,
			);
			name = Main.storyboard;
			sourceTree = "<group>";
		};
		E9ED74442C59690E00A1E7A8 /* LaunchScreen.storyboard */ = {
			isa = PBXVariantGroup;
			children = (
				E9ED74452C59690E00A1E7A8 /* Base */,
			);
			name = LaunchScreen.storyboard;
			sourceTree = "<group>";
		};
/* End PBXVariantGroup section */

/* Begin XCBuildConfiguration section */
		E9ED74482C59690E00A1E7A8 /* Debug */ = {
			isa = XCBuildConfiguration;
			buildSettings = {
				ALWAYS_SEARCH_USER_PATHS = NO;
				ASSETCATALOG_COMPILER_GENERATE_SWIFT_ASSET_SYMBOL_EXTENSIONS = YES;
				CLANG_ANALYZER_NONNULL = YES;
				CLANG_ANALYZER_NUMBER_OBJECT_CONVERSION = YES_AGGRESSIVE;
				CLANG_CXX_LANGUAGE_STANDARD = "gnu++20";
				CLANG_ENABLE_MODULES = YES;
				CLANG_ENABLE_OBJC_ARC = YES;
				CLANG_ENABLE_OBJC_WEAK = YES;
				CLANG_WARN_BLOCK_CAPTURE_AUTORELEASING = YES;
				CLANG_WARN_BOOL_CONVERSION = YES;
				CLANG_WARN_COMMA = YES;
				CLANG_WARN_CONSTANT_CONVERSION = YES;
				CLANG_WARN_DEPRECATED_OBJC_IMPLEMENTATIONS = YES;
				CLANG_WARN_DIRECT_OBJC_ISA_USAGE = YES_ERROR;
				CLANG_WARN_DOCUMENTATION_COMMENTS = YES;
				CLANG_WARN_EMPTY_BODY = YES;
				CLANG_WARN_ENUM_CONVERSION = YES;
				CLANG_WARN_INFINITE_RECURSION = YES;
				CLANG_WARN_INT_CONVERSION = YES;
				CLANG_WARN_NON_LITERAL_NULL_CONVERSION = YES;
				CLANG_WARN_OBJC_IMPLICIT_RETAIN_SELF = YES;
				CLANG_WARN_OBJC_LITERAL_CONVERSION = YES;
				CLANG_WARN_OBJC_ROOT_CLASS = YES_ERROR;
				CLANG_WARN_QUOTED_INCLUDE_IN_FRAMEWORK_HEADER = YES;
				CLANG_WARN_RANGE_LOOP_ANALYSIS = YES;
				CLANG_WARN_STRICT_PROTOTYPES = YES;
				CLANG_WARN_SUSPICIOUS_MOVE = YES;
				CLANG_WARN_UNGUARDED_AVAILABILITY = YES_AGGRESSIVE;
				CLANG_WARN_UNREACHABLE_CODE = YES;
				CLANG_WARN__DUPLICATE_METHOD_MATCH = YES;
				COPY_PHASE_STRIP = NO;
				DEBUG_INFORMATION_FORMAT = dwarf;
				ENABLE_STRICT_OBJC_MSGSEND = YES;
				ENABLE_TESTABILITY = YES;
				ENABLE_USER_SCRIPT_SANDBOXING = NO;
				GCC_C_LANGUAGE_STANDARD = gnu17;
				GCC_DYNAMIC_NO_PIC = NO;
				GCC_NO_COMMON_BLOCKS = YES;
				GCC_OPTIMIZATION_LEVEL = 0;
				GCC_PREPROCESSOR_DEFINITIONS = (
					"DEBUG=1",
					"$(inherited)",
				);
				GCC_WARN_64_TO_32_BIT_CONVERSION = YES;
				GCC_WARN_ABOUT_RETURN_TYPE = YES_ERROR;
				GCC_WARN_UNDECLARED_SELECTOR = YES;
				GCC_WARN_UNINITIALIZED_AUTOS = YES_AGGRESSIVE;
				GCC_WARN_UNUSED_FUNCTION = YES;
				GCC_WARN_UNUSED_VARIABLE = YES;
				IPHONEOS_DEPLOYMENT_TARGET = 17.0;
				LOCALIZATION_PREFERS_STRING_CATALOGS = YES;
				MTL_ENABLE_DEBUG_INFO = INCLUDE_SOURCE;
				MTL_FAST_MATH = YES;
				ONLY_ACTIVE_ARCH = YES;
				SDKROOT = iphoneos;
				SWIFT_ACTIVE_COMPILATION_CONDITIONS = "DEBUG $(inherited)";
				SWIFT_OPTIMIZATION_LEVEL = "-Onone";
			};
			name = Debug;
		};
		E9ED74492C59690E00A1E7A8 /* Release */ = {
			isa = XCBuildConfiguration;
			buildSettings = {
				ALWAYS_SEARCH_USER_PATHS = NO;
				ASSETCATALOG_COMPILER_GENERATE_SWIFT_ASSET_SYMBOL_EXTENSIONS = YES;
				CLANG_ANALYZER_NONNULL = YES;
				CLANG_ANALYZER_NUMBER_OBJECT_CONVERSION = YES_AGGRESSIVE;
				CLANG_CXX_LANGUAGE_STANDARD = "gnu++20";
				CLANG_ENABLE_MODULES = YES;
				CLANG_ENABLE_OBJC_ARC = YES;
				CLANG_ENABLE_OBJC_WEAK = YES;
				CLANG_WARN_BLOCK_CAPTURE_AUTORELEASING = YES;
				CLANG_WARN_BOOL_CONVERSION = YES;
				CLANG_WARN_COMMA = YES;
				CLANG_WARN_CONSTANT_CONVERSION = YES;
				CLANG_WARN_DEPRECATED_OBJC_IMPLEMENTATIONS = YES;
				CLANG_WARN_DIRECT_OBJC_ISA_USAGE = YES_ERROR;
				CLANG_WARN_DOCUMENTATION_COMMENTS = YES;
				CLANG_WARN_EMPTY_BODY = YES;
				CLANG_WARN_ENUM_CONVERSION = YES;
				CLANG_WARN_INFINITE_RECURSION = YES;
				CLANG_WARN_INT_CONVERSION = YES;
				CLANG_WARN_NON_LITERAL_NULL_CONVERSION = YES;
				CLANG_WARN_OBJC_IMPLICIT_RETAIN_SELF = YES;
				CLANG_WARN_OBJC_LITERAL_CONVERSION = YES;
				CLANG_WARN_OBJC_ROOT_CLASS = YES_ERROR;
				CLANG_WARN_QUOTED_INCLUDE_IN_FRAMEWORK_HEADER = YES;
				CLANG_WARN_RANGE_LOOP_ANALYSIS = YES;
				CLANG_WARN_STRICT_PROTOTYPES = YES;
				CLANG_WARN_SUSPICIOUS_MOVE = YES;
				CLANG_WARN_UNGUARDED_AVAILABILITY = YES_AGGRESSIVE;
				CLANG_WARN_UNREACHABLE_CODE = YES;
				CLANG_WARN__DUPLICATE_METHOD_MATCH = YES;
				COPY_PHASE_STRIP = NO;
				DEBUG_INFORMATION_FORMAT = "dwarf-with-dsym";
				ENABLE_NS_ASSERTIONS = NO;
				ENABLE_STRICT_OBJC_MSGSEND = YES;
				ENABLE_USER_SCRIPT_SANDBOXING = NO;
				GCC_C_LANGUAGE_STANDARD = gnu17;
				GCC_NO_COMMON_BLOCKS = YES;
				GCC_WARN_64_TO_32_BIT_CONVERSION = YES;
				GCC_WARN_ABOUT_RETURN_TYPE = YES_ERROR;
				GCC_WARN_UNDECLARED_SELECTOR = YES;
				GCC_WARN_UNINITIALIZED_AUTOS = YES_AGGRESSIVE;
				GCC_WARN_UNUSED_FUNCTION = YES;
				GCC_WARN_UNUSED_VARIABLE = YES;
				IPHONEOS_DEPLOYMENT_TARGET = 17.0;
				LOCALIZATION_PREFERS_STRING_CATALOGS = YES;
				MTL_ENABLE_DEBUG_INFO = NO;
				MTL_FAST_MATH = YES;
				SDKROOT = iphoneos;
				SWIFT_COMPILATION_MODE = wholemodule;
				VALIDATE_PRODUCT = YES;
			};
			name = Release;
		};
		E9ED744B2C59690E00A1E7A8 /* Debug */ = {
			isa = XCBuildConfiguration;
			buildSettings = {
				ASSETCATALOG_COMPILER_APPICON_NAME = AppIcon;
				ASSETCATALOG_COMPILER_GLOBAL_ACCENT_COLOR_NAME = AccentColor;
				ASSETCATALOG_COMPILER_INCLUDE_ALL_APPICON_ASSETS = NO;
				CODE_SIGN_STYLE = Automatic;
				CURRENT_PROJECT_VERSION = 1;
				DEVELOPMENT_TEAM = 4NP4L6636N;
				ENABLE_USER_SCRIPT_SANDBOXING = NO;
				GENERATE_INFOPLIST_FILE = YES;
				INFOPLIST_FILE = "Card Scanner/Info.plist";
				INFOPLIST_KEY_CFBundleDisplayName = "Card Scanner";
				INFOPLIST_KEY_NSCameraUsageDescription = "The app needs access to the camera to scan business cards and extract their details.";
				INFOPLIST_KEY_UIApplicationSupportsIndirectInputEvents = YES;
				INFOPLIST_KEY_UILaunchStoryboardName = LaunchScreen.storyboard;
				INFOPLIST_KEY_UIMainStoryboardFile = Main;
				INFOPLIST_KEY_UISupportedInterfaceOrientations = UIInterfaceOrientationPortrait;
				IPHONEOS_DEPLOYMENT_TARGET = 17.0;
				LD_RUNPATH_SEARCH_PATHS = (
					"$(inherited)",
					"@executable_path/Frameworks",
				);
				MARKETING_VERSION = 1.0;
				PRODUCT_BUNDLE_IDENTIFIER = "com.self.CardScanner.Card-Scanner";
				PRODUCT_NAME = "$(TARGET_NAME)";
				SUPPORTED_PLATFORMS = "iphoneos iphonesimulator";
				SUPPORTS_MACCATALYST = NO;
				SUPPORTS_MAC_DESIGNED_FOR_IPHONE_IPAD = NO;
				SUPPORTS_XR_DESIGNED_FOR_IPHONE_IPAD = NO;
				SWIFT_EMIT_LOC_STRINGS = YES;
				SWIFT_VERSION = 5.0;
				TARGETED_DEVICE_FAMILY = "1,2";
			};
			name = Debug;
		};
		E9ED744C2C59690E00A1E7A8 /* Release */ = {
			isa = XCBuildConfiguration;
			buildSettings = {
				ASSETCATALOG_COMPILER_APPICON_NAME = AppIcon;
				ASSETCATALOG_COMPILER_GLOBAL_ACCENT_COLOR_NAME = AccentColor;
				ASSETCATALOG_COMPILER_INCLUDE_ALL_APPICON_ASSETS = NO;
				CODE_SIGN_STYLE = Automatic;
				CURRENT_PROJECT_VERSION = 1;
				DEVELOPMENT_TEAM = 4NP4L6636N;
				ENABLE_USER_SCRIPT_SANDBOXING = NO;
				GENERATE_INFOPLIST_FILE = YES;
				INFOPLIST_FILE = "Card Scanner/Info.plist";
				INFOPLIST_KEY_CFBundleDisplayName = "Card Scanner";
				INFOPLIST_KEY_NSCameraUsageDescription = "The app needs access to the camera to scan business cards and extract their details.";
				INFOPLIST_KEY_UIApplicationSupportsIndirectInputEvents = YES;
				INFOPLIST_KEY_UILaunchStoryboardName = LaunchScreen.storyboard;
				INFOPLIST_KEY_UIMainStoryboardFile = Main;
				INFOPLIST_KEY_UISupportedInterfaceOrientations = UIInterfaceOrientationPortrait;
				IPHONEOS_DEPLOYMENT_TARGET = 17.0;
				LD_RUNPATH_SEARCH_PATHS = (
					"$(inherited)",
					"@executable_path/Frameworks",
				);
				MARKETING_VERSION = 1.0;
				PRODUCT_BUNDLE_IDENTIFIER = "com.self.CardScanner.Card-Scanner";
				PRODUCT_NAME = "$(TARGET_NAME)";
				SUPPORTED_PLATFORMS = "iphoneos iphonesimulator";
				SUPPORTS_MACCATALYST = NO;
				SUPPORTS_MAC_DESIGNED_FOR_IPHONE_IPAD = NO;
				SUPPORTS_XR_DESIGNED_FOR_IPHONE_IPAD = NO;
				SWIFT_EMIT_LOC_STRINGS = YES;
				SWIFT_VERSION = 5.0;
				TARGETED_DEVICE_FAMILY = "1,2";
			};
			name = Release;
		};
/* End XCBuildConfiguration section */

/* Begin XCConfigurationList section */
		E9ED742E2C59690D00A1E7A8 /* Build configuration list for PBXProject "Card Scanner" */ = {
			isa = XCConfigurationList;
			buildConfigurations = (
				E9ED74482C59690E00A1E7A8 /* Debug */,
				E9ED74492C59690E00A1E7A8 /* Release */,
			);
			defaultConfigurationIsVisible = 0;
			defaultConfigurationName = Release;
		};
		E9ED744A2C59690E00A1E7A8 /* Build configuration list for PBXNativeTarget "Card Scanner" */ = {
			isa = XCConfigurationList;
			buildConfigurations = (
				E9ED744B2C59690E00A1E7A8 /* Debug */,
				E9ED744C2C59690E00A1E7A8 /* Release */,
			);
			defaultConfigurationIsVisible = 0;
			defaultConfigurationName = Release;
		};
/* End XCConfigurationList section */

/* Begin XCVersionGroup section */
		E9ED743F2C59690D00A1E7A8 /* Card_Scanner.xcdatamodeld */ = {
			isa = XCVersionGroup;
			children = (
				E9ED74402C59690D00A1E7A8 /* Card_Scanner.xcdatamodel */,
			);
			currentVersion = E9ED74402C59690D00A1E7A8 /* Card_Scanner.xcdatamodel */;
			path = Card_Scanner.xcdatamodeld;
			sourceTree = "<group>";
			versionGroupType = wrapper.xcdatamodel;
		};
/* End XCVersionGroup section */
	};
	rootObject = E9ED742B2C59690D00A1E7A8 /* Project object */;
}
